
Microsoft Visual Studio Solution File, Format Version 12.00
# Visual Studio Version 17
VisualStudioVersion = 17.0.31903.59
MinimumVisualStudioVersion = 10.0.40219.1
Project("{2150E333-8FDC-42A3-9474-1A3956D46DE8}") = "src", "src", "{C57C5893-1EE3-4BCC-B203-2937D94638BF}"
EndProject
Project("{FAE04EC0-301F-11D3-BF4B-00C04F79EFBC}") = "BatInspectorPublisher", "src\BatInspectorPublisher\BatInspectorPublisher.csproj", "{FA12644F-87CC-453C-B420-A47792316791}"
EndProject
Project("{2150E333-8FDC-42A3-9474-1A3956D46DE8}") = "tests", "tests", "{A1CD6084-9A92-43E1-9E6F-59C843EDFE00}"
EndProject
Project("{FAE04EC0-301F-11D3-BF4B-00C04F79EFBC}") = "BatInspectorPublisher.Tests", "tests\BatInspectorPublisher.Tests\BatInspectorPublisher.Tests.csproj", "{9C65666D-E1E1-402C-9397-8F6A8C250C0C}"
EndProject
Global
	GlobalSection(SolutionConfigurationPlatforms) = preSolution
		Debug|Any CPU = Debug|Any CPU
		Release|Any CPU = Release|Any CPU
	EndGlobalSection
	GlobalSection(SolutionProperties) = preSolution
		HideSolutionNode = FALSE
	EndGlobalSection
	GlobalSection(ProjectConfigurationPlatforms) = postSolution
		{FA12644F-87CC-453C-B420-A47792316791}.Debug|Any CPU.ActiveCfg = Debug|Any CPU
		{FA12644F-87CC-453C-B420-A47792316791}.Debug|Any CPU.Build.0 = Debug|Any CPU
		{FA12644F-87CC-453C-B420-A47792316791}.Release|Any CPU.ActiveCfg = Release|Any CPU
		{FA12644F-87CC-453C-B420-A47792316791}.Release|Any CPU.Build.0 = Release|Any CPU
		{9C65666D-E1E1-402C-9397-8F6A8C250C0C}.Debug|Any CPU.ActiveCfg = Debug|Any CPU
		{9C65666D-E1E1-402C-9397-8F6A8C250C0C}.Debug|Any CPU.Build.0 = Debug|Any CPU
		{9C65666D-E1E1-402C-9397-8F6A8C250C0C}.Release|Any CPU.ActiveCfg = Release|Any CPU
		{9C65666D-E1E1-402C-9397-8F6A8C250C0C}.Release|Any CPU.Build.0 = Release|Any CPU
	EndGlobalSection
	GlobalSection(NestedProjects) = preSolution
		{FA12644F-87CC-453C-B420-A47792316791} = {C57C5893-1EE3-4BCC-B203-2937D94638BF}
		{9C65666D-E1E1-402C-9397-8F6A8C250C0C} = {A1CD6084-9A92-43E1-9E6F-59C843EDFE00}
	EndGlobalSection
EndGlobal
